
Microsoft Visual Studio Solution File, Format Version 12.00
# Visual Studio Version 17
VisualStudioVersion = 17.11.35312.102
MinimumVisualStudioVersion = 10.0.40219.1
Project("{FAE04EC0-301F-11D3-BF4B-00C04F79EFBC}") = "ServiceStation.Web", "ServiceStation.Web\ServiceStation.Web.csproj", "{D678A220-33BC-4DF9-9673-CA4629719568}"
EndProject
Global
	GlobalSection(SolutionConfigurationPlatforms) = preSolution
		Debug|Any CPU = Debug|Any CPU
		Release|Any CPU = Release|Any CPU
	EndGlobalSection
	GlobalSection(ProjectConfigurationPlatforms) = postSolution
		{D678A220-33BC-4DF9-9673-CA4629719568}.Debug|Any CPU.ActiveCfg = Debug|Any CPU
		{D678A220-33BC-4DF9-9673-CA4629719568}.Debug|Any CPU.Build.0 = Debug|Any CPU
		{D678A220-33BC-4DF9-9673-CA4629719568}.Release|Any CPU.ActiveCfg = Release|Any CPU
		{D678A220-33BC-4DF9-9673-CA4629719568}.Release|Any CPU.Build.0 = Release|Any CPU
	EndGlobalSection
	GlobalSection(SolutionProperties) = preSolution
		HideSolutionNode = FALSE
	EndGlobalSection
	GlobalSection(ExtensibilityGlobals) = postSolution
		SolutionGuid = {92EA1504-8E54-4D4D-A543-7C8264D952CF}
	EndGlobalSection
EndGlobal
